
Microsoft Visual Studio Solution File, Format Version 12.00
Project("{FAE04EC0-301F-11D3-BF4B-00C04F79EFBC}") = "HelloWorldFromId", "HelloWorldFromId\HelloWorldFromId.csproj", "{EC98E728-4868-436A-BA5E-B68FFAD6DCB2}"
EndProject
Project("{FAE04EC0-301F-11D3-BF4B-00C04F79EFBC}") = "HelloWorldFromId.Tests", "HelloWorldFromId.Tests\HelloWorldFromId.Tests.csproj", "{403DBF9C-F7E0-495A-A576-7F8F19B68F74}"
EndProject
Global
	GlobalSection(SolutionConfigurationPlatforms) = preSolution
		Debug|Any CPU = Debug|Any CPU
		Release|Any CPU = Release|Any CPU
	EndGlobalSection
	GlobalSection(ProjectConfigurationPlatforms) = postSolution
		{EC98E728-4868-436A-BA5E-B68FFAD6DCB2}.Debug|Any CPU.ActiveCfg = Debug|Any CPU
		{EC98E728-4868-436A-BA5E-B68FFAD6DCB2}.Debug|Any CPU.Build.0 = Debug|Any CPU
		{EC98E728-4868-436A-BA5E-B68FFAD6DCB2}.Release|Any CPU.ActiveCfg = Release|Any CPU
		{EC98E728-4868-436A-BA5E-B68FFAD6DCB2}.Release|Any CPU.Build.0 = Release|Any CPU
		{403DBF9C-F7E0-495A-A576-7F8F19B68F74}.Debug|Any CPU.ActiveCfg = Debug|Any CPU
		{403DBF9C-F7E0-495A-A576-7F8F19B68F74}.Debug|Any CPU.Build.0 = Debug|Any CPU
		{403DBF9C-F7E0-495A-A576-7F8F19B68F74}.Release|Any CPU.ActiveCfg = Release|Any CPU
		{403DBF9C-F7E0-495A-A576-7F8F19B68F74}.Release|Any CPU.Build.0 = Release|Any CPU
	EndGlobalSection
EndGlobal
